PODS:
  - Braintree/Card (4.15.0):
    - Braintree/Core
  - Braintree/Core (4.15.0)
  - Braintree/PaymentFlow (4.15.0):
    - Braintree/Card
    - Braintree/Core
  - Braintree/UnionPay (4.15.0):
    - Braintree/Card
    - Braintree/Core
  - BraintreeDropIn (6.1.0):
    - BraintreeDropIn/DropIn (= 6.1.0)
  - BraintreeDropIn/DropIn (6.1.0):
    - Braintree/Card (~> 4.11)
    - Braintree/Core (~> 4.11)
    - Braintree/PaymentFlow (~> 4.11)
    - Braintree/UnionPay (~> 4.11)
    - BraintreeDropIn/UIKit
  - BraintreeDropIn/UIKit (6.1.0)

DEPENDENCIES:
  - BraintreeDropIn

SPEC REPOS:
  https://github.com/CocoaPods/Specs.git:
    - Braintree
    - BraintreeDropIn

SPEC CHECKSUMS:
  Braintree: 5f10816f455ffd79c411e6d22a177846971f3677
  BraintreeDropIn: 2e8bba4facf6cc925176637030454d8308223b95

PODFILE CHECKSUM: 26b611179bd72d92da99142e86e3068b6cf226b3

COCOAPODS: 1.5.0
